
Microsoft Visual Studio Solution File, Format Version 12.00
# Visual Studio Version 17
VisualStudioVersion = 17.5.002.0
MinimumVisualStudioVersion = 10.0.40219.1
Project("{9A19103F-16F7-4668-BE54-9A1E7A4F7556}") = "CrimsonLog", "CrimsonLog.csproj", "{534853B5-F36A-413B-B29D-8F096561B85F}"
EndProject
Global
	GlobalSection(SolutionConfigurationPlatforms) = preSolution
		Debug|Any CPU = Debug|Any CPU
		Release|Any CPU = Release|Any CPU
	EndGlobalSection
	GlobalSection(ProjectConfigurationPlatforms) = postSolution
		{534853B5-F36A-413B-B29D-8F096561B85F}.Debug|Any CPU.ActiveCfg = Debug|Any CPU
		{534853B5-F36A-413B-B29D-8F096561B85F}.Debug|Any CPU.Build.0 = Debug|Any CPU
		{534853B5-F36A-413B-B29D-8F096561B85F}.Release|Any CPU.ActiveCfg = Release|Any CPU
		{534853B5-F36A-413B-B29D-8F096561B85F}.Release|Any CPU.Build.0 = Release|Any CPU
	EndGlobalSection
	GlobalSection(SolutionProperties) = preSolution
		HideSolutionNode = FALSE
	EndGlobalSection
	GlobalSection(ExtensibilityGlobals) = postSolution
		SolutionGuid = {EDF02907-2710-4031-BA99-24F104DCE497}
	EndGlobalSection
EndGlobal
